// !$*UTF8*$!
{
	archiveVersion = 1;
	classes = {
	};
	objectVersion = 46;
	objects = {

/* Begin PBXBuildFile section */
		2533F0EA1EA7483A001765DD /* ControllerAsyncClient.cpp in Sources */ = {isa = PBXBuildFile; fileRef = 2533F0E81EA7483A001765DD /* ControllerAsyncClient.cpp */; };
		3A42F6481E9F65FA00DA6A5F /* main.cpp in Sources */ = {isa = PBXBuildFile; fileRef = 3A42F6471E9F65FA00DA6A5F /* main.cpp */; };
/* End PBXBuildFile section */

/* Begin PBXCopyFilesBuildPhase section */
		3A42F6421E9F65FA00DA6A5F /* CopyFiles */ = {
			isa = PBXCopyFilesBuildPhase;
			buildActionMask = 2147483647;
			dstPath = /usr/share/man/man1/;
			dstSubfolderSpec = 0;
			files = (
			);
			runOnlyForDeploymentPostprocessing = 1;
		};
/* End PBXCopyFilesBuildPhase section */

/* Begin PBXFileReference section */
		2533F0E81EA7483A001765DD /* ControllerAsyncClient.cpp */ = {isa = PBXFileReference; fileEncoding = 4; lastKnownFileType = sourcecode.cpp.cpp; path = ControllerAsyncClient.cpp; sourceTree = "<group>"; };
		2533F0E91EA7483A001765DD /* ControllerAsyncClient.h */ = {isa = PBXFileReference; fileEncoding = 4; lastKnownFileType = sourcecode.c.h; path = ControllerAsyncClient.h; sourceTree = "<group>"; };
		3A42F6441E9F65FA00DA6A5F /* asio.sync.fixedlength */ = {isa = PBXFileReference; explicitFileType = "compiled.mach-o.executable"; includeInIndex = 0; path = asio.sync.fixedlength; sourceTree = BUILT_PRODUCTS_DIR; };
		3A42F6471E9F65FA00DA6A5F /* main.cpp */ = {isa = PBXFileReference; lastKnownFileType = sourcecode.cpp.cpp; path = main.cpp; sourceTree = "<group>"; };
/* End PBXFileReference section */

/* Begin PBXFrameworksBuildPhase section */
		3A42F6411E9F65FA00DA6A5F /* Frameworks */ = {
			isa = PBXFrameworksBuildPhase;
			buildActionMask = 2147483647;
			files = (
			);
			runOnlyForDeploymentPostprocessing = 0;
		};
/* End PBXFrameworksBuildPhase section */

/* Begin PBXGroup section */
		3A42F63B1E9F65F900DA6A5F = {
			isa = PBXGroup;
			children = (
				3A42F6461E9F65FA00DA6A5F /* asio.sync.fixedlength */,
				3A42F6451E9F65FA00DA6A5F /* Products */,
			);
			sourceTree = "<group>";
		};
		3A42F6451E9F65FA00DA6A5F /* Products */ = {
			isa = PBXGroup;
			children = (
				3A42F6441E9F65FA00DA6A5F /* asio.sync.fixedlength */,
			);
			name = Products;
			sourceTree = "<group>";
		};
		3A42F6461E9F65FA00DA6A5F /* asio.sync.fixedlength */ = {
			isa = PBXGroup;
			children = (
				3A42F6471E9F65FA00DA6A5F /* main.cpp */,
				2533F0E81EA7483A001765DD /* ControllerAsyncClient.cpp */,
				2533F0E91EA7483A001765DD /* ControllerAsyncClient.h */,
			);
			path = asio.sync.fixedlength;
			sourceTree = "<group>";
		};
/* End PBXGroup section */

/* Begin PBXNativeTarget section */
		3A42F6431E9F65FA00DA6A5F /* asio.sync.fixedlength */ = {
			isa = PBXNativeTarget;
			buildConfigurationList = 3A42F64B1E9F65FA00DA6A5F /* Build configuration list for PBXNativeTarget "asio.sync.fixedlength" */;
			buildPhases = (
				3A42F6401E9F65FA00DA6A5F /* Sources */,
				3A42F6411E9F65FA00DA6A5F /* Frameworks */,
				3A42F6421E9F65FA00DA6A5F /* CopyFiles */,
			);
			buildRules = (
			);
			dependencies = (
			);
			name = asio.sync.fixedlength;
			productName = asio.sync.fixedlength;
			productReference = 3A42F6441E9F65FA00DA6A5F /* asio.sync.fixedlength */;
			productType = "com.apple.product-type.tool";
		};
/* End PBXNativeTarget section */

/* Begin PBXProject section */
		3A42F63C1E9F65F900DA6A5F /* Project object */ = {
			isa = PBXProject;
			attributes = {
				LastUpgradeCheck = 0820;
				ORGANIZATIONNAME = "Liangchuan Gu";
				TargetAttributes = {
					3A42F6431E9F65FA00DA6A5F = {
						CreatedOnToolsVersion = 8.2.1;
						ProvisioningStyle = Automatic;
					};
				};
			};
			buildConfigurationList = 3A42F63F1E9F65F900DA6A5F /* Build configuration list for PBXProject "asio.sync.fixedlength" */;
			compatibilityVersion = "Xcode 3.2";
			developmentRegion = English;
			hasScannedForEncodings = 0;
			knownRegions = (
				en,
			);
			mainGroup = 3A42F63B1E9F65F900DA6A5F;
			productRefGroup = 3A42F6451E9F65FA00DA6A5F /* Products */;
			projectDirPath = "";
			projectRoot = "";
			targets = (
				3A42F6431E9F65FA00DA6A5F /* asio.sync.fixedlength */,
			);
		};
/* End PBXProject section */

/* Begin PBXSourcesBuildPhase section */
		3A42F6401E9F65FA00DA6A5F /* Sources */ = {
			isa = PBXSourcesBuildPhase;
			buildActionMask = 2147483647;
			files = (
				3A42F6481E9F65FA00DA6A5F /* main.cpp in Sources */,
				2533F0EA1EA7483A001765DD /* ControllerAsyncClient.cpp in Sources */,
			);
			runOnlyForDeploymentPostprocessing = 0;
		};
/* End PBXSourcesBuildPhase section */

/* Begin XCBuildConfiguration section */
		3A42F6491E9F65FA00DA6A5F /* Debug */ = {
			isa = XCBuildConfiguration;
			buildSettings = {
				ALWAYS_SEARCH_USER_PATHS = NO;
				CLANG_ANALYZER_NONNULL = YES;
				CLANG_CXX_LANGUAGE_STANDARD = "gnu++0x";
				CLANG_CXX_LIBRARY = "libc++";
				CLANG_ENABLE_MODULES = YES;
				CLANG_ENABLE_OBJC_ARC = YES;
				CLANG_WARN_BOOL_CONVERSION = YES;
				CLANG_WARN_CONSTANT_CONVERSION = YES;
				CLANG_WARN_DIRECT_OBJC_ISA_USAGE = YES_ERROR;
				CLANG_WARN_DOCUMENTATION_COMMENTS = YES;
				CLANG_WARN_EMPTY_BODY = YES;
				CLANG_WARN_ENUM_CONVERSION = YES;
				CLANG_WARN_INFINITE_RECURSION = YES;
				CLANG_WARN_INT_CONVERSION = YES;
				CLANG_WARN_OBJC_ROOT_CLASS = YES_ERROR;
				CLANG_WARN_SUSPICIOUS_MOVE = YES;
				CLANG_WARN_UNREACHABLE_CODE = YES;
				CLANG_WARN__DUPLICATE_METHOD_MATCH = YES;
				CODE_SIGN_IDENTITY = "-";
				COPY_PHASE_STRIP = NO;
				DEBUG_INFORMATION_FORMAT = dwarf;
				ENABLE_STRICT_OBJC_MSGSEND = YES;
				ENABLE_TESTABILITY = YES;
				GCC_C_LANGUAGE_STANDARD = gnu99;
				GCC_DYNAMIC_NO_PIC = NO;
				GCC_NO_COMMON_BLOCKS = YES;
				GCC_OPTIMIZATION_LEVEL = 0;
				GCC_PREPROCESSOR_DEFINITIONS = (
					"DEBUG=1",
					"$(inherited)",
				);
				GCC_WARN_64_TO_32_BIT_CONVERSION = YES;
				GCC_WARN_ABOUT_RETURN_TYPE = YES_ERROR;
				GCC_WARN_UNDECLARED_SELECTOR = YES;
				GCC_WARN_UNINITIALIZED_AUTOS = YES_AGGRESSIVE;
				GCC_WARN_UNUSED_FUNCTION = YES;
				GCC_WARN_UNUSED_VARIABLE = YES;
				MACOSX_DEPLOYMENT_TARGET = 10.12;
				MTL_ENABLE_DEBUG_INFO = YES;
				ONLY_ACTIVE_ARCH = YES;
				SDKROOT = macosx;
			};
			name = Debug;
		};
		3A42F64A1E9F65FA00DA6A5F /* Release */ = {
			isa = XCBuildConfiguration;
			buildSettings = {
				ALWAYS_SEARCH_USER_PATHS = NO;
				CLANG_ANALYZER_NONNULL = YES;
				CLANG_CXX_LANGUAGE_STANDARD = "gnu++0x";
				CLANG_CXX_LIBRARY = "libc++";
				CLANG_ENABLE_MODULES = YES;
				CLANG_ENABLE_OBJC_ARC = YES;
				CLANG_WARN_BOOL_CONVERSION = YES;
				CLANG_WARN_CONSTANT_CONVERSION = YES;
				CLANG_WARN_DIRECT_OBJC_ISA_USAGE = YES_ERROR;
				CLANG_WARN_DOCUMENTATION_COMMENTS = YES;
				CLANG_WARN_EMPTY_BODY = YES;
				CLANG_WARN_ENUM_CONVERSION = YES;
				CLANG_WARN_INFINITE_RECURSION = YES;
				CLANG_WARN_INT_CONVERSION = YES;
				CLANG_WARN_OBJC_ROOT_CLASS = YES_ERROR;
				CLANG_WARN_SUSPICIOUS_MOVE = YES;
				CLANG_WARN_UNREACHABLE_CODE = YES;
				CLANG_WARN__DUPLICATE_METHOD_MATCH = YES;
				CODE_SIGN_IDENTITY = "-";
				COPY_PHASE_STRIP = NO;
				DEBUG_INFORMATION_FORMAT = "dwarf-with-dsym";
				ENABLE_NS_ASSERTIONS = NO;
				ENABLE_STRICT_OBJC_MSGSEND = YES;
				GCC_C_LANGUAGE_STANDARD = gnu99;
				GCC_NO_COMMON_BLOCKS = YES;
				GCC_WARN_64_TO_32_BIT_CONVERSION = YES;
				GCC_WARN_ABOUT_RETURN_TYPE = YES_ERROR;
				GCC_WARN_UNDECLARED_SELECTOR = YES;
				GCC_WARN_UNINITIALIZED_AUTOS = YES_AGGRESSIVE;
				GCC_WARN_UNUSED_FUNCTION = YES;
				GCC_WARN_UNUSED_VARIABLE = YES;
				MACOSX_DEPLOYMENT_TARGET = 10.12;
				MTL_ENABLE_DEBUG_INFO = NO;
				SDKROOT = macosx;
			};
			name = Release;
		};
		3A42F64C1E9F65FA00DA6A5F /* Debug */ = {
			isa = XCBuildConfiguration;
			buildSettings = {
				HEADER_SEARCH_PATHS = /usr/local/include;
				LIBRARY_SEARCH_PATHS = /usr/local/Cellar/boost/1.62.0/lib;
				OTHER_LDFLAGS = (
					"-lboost_system-mt",
					"-lboost_thread-mt",
				);
				PRODUCT_NAME = "$(TARGET_NAME)";
			};
			name = Debug;
		};
		3A42F64D1E9F65FA00DA6A5F /* Release */ = {
			isa = XCBuildConfiguration;
			buildSettings = {
				HEADER_SEARCH_PATHS = /usr/local/include;
				LIBRARY_SEARCH_PATHS = /usr/local/Cellar/boost/1.62.0/lib;
				OTHER_LDFLAGS = (
					"-lboost_system-mt",
					"-lboost_thread-mt",
				);
				PRODUCT_NAME = "$(TARGET_NAME)";
			};
			name = Release;
		};
/* End XCBuildConfiguration section */

/* Begin XCConfigurationList section */
		3A42F63F1E9F65F900DA6A5F /* Build configuration list for PBXProject "asio.sync.fixedlength" */ = {
			isa = XCConfigurationList;
			buildConfigurations = (
				3A42F6491E9F65FA00DA6A5F /* Debug */,
				3A42F64A1E9F65FA00DA6A5F /* Release */,
			);
			defaultConfigurationIsVisible = 0;
			defaultConfigurationName = Release;
		};
		3A42F64B1E9F65FA00DA6A5F /* Build configuration list for PBXNativeTarget "asio.sync.fixedlength" */ = {
			isa = XCConfigurationList;
			buildConfigurations = (
				3A42F64C1E9F65FA00DA6A5F /* Debug */,
				3A42F64D1E9F65FA00DA6A5F /* Release */,
			);
			defaultConfigurationIsVisible = 0;
			defaultConfigurationName = Release;
		};
/* End XCConfigurationList section */
	};
	rootObject = 3A42F63C1E9F65F900DA6A5F /* Project object */;
}
